// !$*UTF8*$!
{
	archiveVersion = 1;
	classes = {
	};
	objectVersion = 46;
	objects = {

/* Begin PBXBuildFile section */
		8409DA7B1DB5084E00A197D1 /* WebView.storyboard in Resources */ = {isa = PBXBuildFile; fileRef = 8409DA7A1DB5084E00A197D1 /* WebView.storyboard */; };
		8409DA7F1DB508E300A197D1 /* WebViewController.swift in Sources */ = {isa = PBXBuildFile; fileRef = 8409DA7E1DB508E300A197D1 /* WebViewController.swift */; };
		8409DA821DB50B1000A197D1 /* MapKit.framework in Frameworks */ = {isa = PBXBuildFile; fileRef = 8409DA811DB50B1000A197D1 /* MapKit.framework */; };
		84934BEF1DB385B700574077 /* AppDelegate.swift in Sources */ = {isa = PBXBuildFile; fileRef = 84934BEE1DB385B700574077 /* AppDelegate.swift */; };
		84934BF11DB385B700574077 /* ViewController.swift in Sources */ = {isa = PBXBuildFile; fileRef = 84934BF01DB385B700574077 /* ViewController.swift */; };
		84934BF41DB385B700574077 /* Main.storyboard in Resources */ = {isa = PBXBuildFile; fileRef = 84934BF21DB385B700574077 /* Main.storyboard */; };
		84934BF61DB385B700574077 /* Assets.xcassets in Resources */ = {isa = PBXBuildFile; fileRef = 84934BF51DB385B700574077 /* Assets.xcassets */; };
		84934BF91DB385B700574077 /* LaunchScreen.storyboard in Resources */ = {isa = PBXBuildFile; fileRef = 84934BF71DB385B700574077 /* LaunchScreen.storyboard */; };
/* End PBXBuildFile section */

/* Begin PBXFileReference section */
		8409DA7A1DB5084E00A197D1 /* WebView.storyboard */ = {isa = PBXFileReference; fileEncoding = 4; lastKnownFileType = file.storyboard; path = WebView.storyboard; sourceTree = "<group>"; };
		8409DA7E1DB508E300A197D1 /* WebViewController.swift */ = {isa = PBXFileReference; fileEncoding = 4; lastKnownFileType = sourcecode.swift; name = WebViewController.swift; path = ../WebViewController.swift; sourceTree = "<group>"; };
		8409DA811DB50B1000A197D1 /* MapKit.framework */ = {isa = PBXFileReference; lastKnownFileType = wrapper.framework; name = MapKit.framework; path = System/Library/Frameworks/MapKit.framework; sourceTree = SDKROOT; };
		84934BEB1DB385B700574077 /* LearnUIScrollView.app */ = {isa = PBXFileReference; explicitFileType = wrapper.application; includeInIndex = 0; path = LearnUIScrollView.app; sourceTree = BUILT_PRODUCTS_DIR; };
		84934BEE1DB385B700574077 /* AppDelegate.swift */ = {isa = PBXFileReference; lastKnownFileType = sourcecode.swift; path = AppDelegate.swift; sourceTree = "<group>"; };
		84934BF01DB385B700574077 /* ViewController.swift */ = {isa = PBXFileReference; lastKnownFileType = sourcecode.swift; path = ViewController.swift; sourceTree = "<group>"; };
		84934BF31DB385B700574077 /* Base */ = {isa = PBXFileReference; lastKnownFileType = file.storyboard; name = Base; path = Base.lproj/Main.storyboard; sourceTree = "<group>"; };
		84934BF51DB385B700574077 /* Assets.xcassets */ = {isa = PBXFileReference; lastKnownFileType = folder.assetcatalog; path = Assets.xcassets; sourceTree = "<group>"; };
		84934BF81DB385B700574077 /* Base */ = {isa = PBXFileReference; lastKnownFileType = file.storyboard; name = Base; path = Base.lproj/LaunchScreen.storyboard; sourceTree = "<group>"; };
		84934BFA1DB385B700574077 /* Info.plist */ = {isa = PBXFileReference; lastKnownFileType = text.plist.xml; path = Info.plist; sourceTree = "<group>"; };
/* End PBXFileReference section */

/* Begin PBXFrameworksBuildPhase section */
		84934BE81DB385B700574077 /* Frameworks */ = {
			isa = PBXFrameworksBuildPhase;
			buildActionMask = 2147483647;
			files = (
				8409DA821DB50B1000A197D1 /* MapKit.framework in Frameworks */,
			);
			runOnlyForDeploymentPostprocessing = 0;
		};
/* End PBXFrameworksBuildPhase section */

/* Begin PBXGroup section */
		8409DA801DB50B0F00A197D1 /* Frameworks */ = {
			isa = PBXGroup;
			children = (
				8409DA811DB50B1000A197D1 /* MapKit.framework */,
			);
			name = Frameworks;
			sourceTree = "<group>";
		};
		84934BE21DB385B700574077 = {
			isa = PBXGroup;
			children = (
				84934BED1DB385B700574077 /* LearnUIScrollView */,
				84934BEC1DB385B700574077 /* Products */,
				8409DA801DB50B0F00A197D1 /* Frameworks */,
			);
			sourceTree = "<group>";
		};
		84934BEC1DB385B700574077 /* Products */ = {
			isa = PBXGroup;
			children = (
				84934BEB1DB385B700574077 /* LearnUIScrollView.app */,
			);
			name = Products;
			sourceTree = "<group>";
		};
		84934BED1DB385B700574077 /* LearnUIScrollView */ = {
			isa = PBXGroup;
			children = (
				84934BEE1DB385B700574077 /* AppDelegate.swift */,
				84934BF01DB385B700574077 /* ViewController.swift */,
				8409DA7E1DB508E300A197D1 /* WebViewController.swift */,
				8409DA7A1DB5084E00A197D1 /* WebView.storyboard */,
				84934BF21DB385B700574077 /* Main.storyboard */,
				84934BF51DB385B700574077 /* Assets.xcassets */,
				84934BF71DB385B700574077 /* LaunchScreen.storyboard */,
				84934BFA1DB385B700574077 /* Info.plist */,
			);
			path = LearnUIScrollView;
			sourceTree = "<group>";
		};
/* End PBXGroup section */

/* Begin PBXNativeTarget section */
		84934BEA1DB385B700574077 /* LearnUIScrollView */ = {
			isa = PBXNativeTarget;
			buildConfigurationList = 84934BFD1DB385B700574077 /* Build configuration list for PBXNativeTarget "LearnUIScrollView" */;
			buildPhases = (
				84934BE71DB385B700574077 /* Sources */,
				84934BE81DB385B700574077 /* Frameworks */,
				84934BE91DB385B700574077 /* Resources */,
			);
			buildRules = (
			);
			dependencies = (
			);
			name = LearnUIScrollView;
			productName = LearnUIScrollView;
			productReference = 84934BEB1DB385B700574077 /* LearnUIScrollView.app */;
			productType = "com.apple.product-type.application";
		};
/* End PBXNativeTarget section */

/* Begin PBXProject section */
		84934BE31DB385B700574077 /* Project object */ = {
			isa = PBXProject;
			attributes = {
				LastSwiftUpdateCheck = 0800;
				LastUpgradeCheck = 0800;
				ORGANIZATIONNAME = dunglt2015;
				TargetAttributes = {
					84934BEA1DB385B700574077 = {
						CreatedOnToolsVersion = 8.0;
						DevelopmentTeam = 99687A7687;
						ProvisioningStyle = Automatic;
						SystemCapabilities = {
							com.apple.BackgroundModes = {
								enabled = 0;
							};
							com.apple.Maps.iOS = {
								enabled = 0;
							};
						};
					};
				};
			};
			buildConfigurationList = 84934BE61DB385B700574077 /* Build configuration list for PBXProject "LearnUIScrollView" */;
			compatibilityVersion = "Xcode 3.2";
			developmentRegion = English;
			hasScannedForEncodings = 0;
			knownRegions = (
				en,
				Base,
			);
			mainGroup = 84934BE21DB385B700574077;
			productRefGroup = 84934BEC1DB385B700574077 /* Products */;
			projectDirPath = "";
			projectRoot = "";
			targets = (
				84934BEA1DB385B700574077 /* LearnUIScrollView */,
			);
		};
/* End PBXProject section */

/* Begin PBXResourcesBuildPhase section */
		84934BE91DB385B700574077 /* Resources */ = {
			isa = PBXResourcesBuildPhase;
			buildActionMask = 2147483647;
			files = (
				84934BF91DB385B700574077 /* LaunchScreen.storyboard in Resources */,
				84934BF61DB385B700574077 /* Assets.xcassets in Resources */,
				8409DA7B1DB5084E00A197D1 /* WebView.storyboard in Resources */,
				84934BF41DB385B700574077 /* Main.storyboard in Resources */,
			);
			runOnlyForDeploymentPostprocessing = 0;
		};
/* End PBXResourcesBuildPhase section */

/* Begin PBXSourcesBuildPhase section */
		84934BE71DB385B700574077 /* Sources */ = {
			isa = PBXSourcesBuildPhase;
			buildActionMask = 2147483647;
			files = (
				84934BF11DB385B700574077 /* ViewController.swift in Sources */,
				8409DA7F1DB508E300A197D1 /* WebViewController.swift in Sources */,
				84934BEF1DB385B700574077 /* AppDelegate.swift in Sources */,
			);
			runOnlyForDeploymentPostprocessing = 0;
		};
/* End PBXSourcesBuildPhase section */

/* Begin PBXVariantGroup section */
		84934BF21DB385B700574077 /* Main.storyboard */ = {
			isa = PBXVariantGroup;
			children = (
				84934BF31DB385B700574077 /* Base */,
			);
			name = Main.storyboard;
			sourceTree = "<group>";
		};
		84934BF71DB385B700574077 /* LaunchScreen.storyboard */ = {
			isa = PBXVariantGroup;
			children = (
				84934BF81DB385B700574077 /* Base */,
			);
			name = LaunchScreen.storyboard;
			sourceTree = "<group>";
		};
/* End PBXVariantGroup section */

/* Begin XCBuildConfiguration section */
		84934BFB1DB385B700574077 /* Debug */ = {
			isa = XCBuildConfiguration;
			buildSettings = {
				ALWAYS_SEARCH_USER_PATHS = NO;
				CLANG_ANALYZER_NONNULL = YES;
				CLANG_CXX_LANGUAGE_STANDARD = "gnu++0x";
				CLANG_CXX_LIBRARY = "libc++";
				CLANG_ENABLE_MODULES = YES;
				CLANG_ENABLE_OBJC_ARC = YES;
				CLANG_WARN_BOOL_CONVERSION = YES;
				CLANG_WARN_CONSTANT_CONVERSION = YES;
				CLANG_WARN_DIRECT_OBJC_ISA_USAGE = YES_ERROR;
				CLANG_WARN_DOCUMENTATION_COMMENTS = YES;
				CLANG_WARN_EMPTY_BODY = YES;
				CLANG_WARN_ENUM_CONVERSION = YES;
				CLANG_WARN_INFINITE_RECURSION = YES;
				CLANG_WARN_INT_CONVERSION = YES;
				CLANG_WARN_OBJC_ROOT_CLASS = YES_ERROR;
				CLANG_WARN_SUSPICIOUS_MOVES = YES;
				CLANG_WARN_UNREACHABLE_CODE = YES;
				CLANG_WARN__DUPLICATE_METHOD_MATCH = YES;
				"CODE_SIGN_IDENTITY[sdk=iphoneos*]" = "iPhone Developer";
				COPY_PHASE_STRIP = NO;
				DEBUG_INFORMATION_FORMAT = dwarf;
				ENABLE_STRICT_OBJC_MSGSEND = YES;
				ENABLE_TESTABILITY = YES;
				GCC_C_LANGUAGE_STANDARD = gnu99;
				GCC_DYNAMIC_NO_PIC = NO;
				GCC_NO_COMMON_BLOCKS = YES;
				GCC_OPTIMIZATION_LEVEL = 0;
				GCC_PREPROCESSOR_DEFINITIONS = (
					"DEBUG=1",
					"$(inherited)",
				);
				GCC_WARN_64_TO_32_BIT_CONVERSION = YES;
				GCC_WARN_ABOUT_RETURN_TYPE = YES_ERROR;
				GCC_WARN_UNDECLARED_SELECTOR = YES;
				GCC_WARN_UNINITIALIZED_AUTOS = YES_AGGRESSIVE;
				GCC_WARN_UNUSED_FUNCTION = YES;
				GCC_WARN_UNUSED_VARIABLE = YES;
				IPHONEOS_DEPLOYMENT_TARGET = 10.0;
				MTL_ENABLE_DEBUG_INFO = YES;
				ONLY_ACTIVE_ARCH = YES;
				SDKROOT = iphoneos;
				SWIFT_ACTIVE_COMPILATION_CONDITIONS = DEBUG;
				SWIFT_OPTIMIZATION_LEVEL = "-Onone";
				TARGETED_DEVICE_FAMILY = "1,2";
			};
			name = Debug;
		};
		84934BFC1DB385B700574077 /* Release */ = {
			isa = XCBuildConfiguration;
			buildSettings = {
				ALWAYS_SEARCH_USER_PATHS = NO;
				CLANG_ANALYZER_NONNULL = YES;
				CLANG_CXX_LANGUAGE_STANDARD = "gnu++0x";
				CLANG_CXX_LIBRARY = "libc++";
				CLANG_ENABLE_MODULES = YES;
				CLANG_ENABLE_OBJC_ARC = YES;
				CLANG_WARN_BOOL_CONVERSION = YES;
				CLANG_WARN_CONSTANT_CONVERSION = YES;
				CLANG_WARN_DIRECT_OBJC_ISA_USAGE = YES_ERROR;
				CLANG_WARN_DOCUMENTATION_COMMENTS = YES;
				CLANG_WARN_EMPTY_BODY = YES;
				CLANG_WARN_ENUM_CONVERSION = YES;
				CLANG_WARN_INFINITE_RECURSION = YES;
				CLANG_WARN_INT_CONVERSION = YES;
				CLANG_WARN_OBJC_ROOT_CLASS = YES_ERROR;
				CLANG_WARN_SUSPICIOUS_MOVES = YES;
				CLANG_WARN_UNREACHABLE_CODE = YES;
				CLANG_WARN__DUPLICATE_METHOD_MATCH = YES;
				"CODE_SIGN_IDENTITY[sdk=iphoneos*]" = "iPhone Developer";
				COPY_PHASE_STRIP = NO;
				DEBUG_INFORMATION_FORMAT = "dwarf-with-dsym";
				ENABLE_NS_ASSERTIONS = NO;
				ENABLE_STRICT_OBJC_MSGSEND = YES;
				GCC_C_LANGUAGE_STANDARD = gnu99;
				GCC_NO_COMMON_BLOCKS = YES;
				GCC_WARN_64_TO_32_BIT_CONVERSION = YES;
				GCC_WARN_ABOUT_RETURN_TYPE = YES_ERROR;
				GCC_WARN_UNDECLARED_SELECTOR = YES;
				GCC_WARN_UNINITIALIZED_AUTOS = YES_AGGRESSIVE;
				GCC_WARN_UNUSED_FUNCTION = YES;
				GCC_WARN_UNUSED_VARIABLE = YES;
				IPHONEOS_DEPLOYMENT_TARGET = 10.0;
				MTL_ENABLE_DEBUG_INFO = NO;
				SDKROOT = iphoneos;
				SWIFT_OPTIMIZATION_LEVEL = "-Owholemodule";
				TARGETED_DEVICE_FAMILY = "1,2";
				VALIDATE_PRODUCT = YES;
			};
			name = Release;
		};
		84934BFE1DB385B700574077 /* Debug */ = {
			isa = XCBuildConfiguration;
			buildSettings = {
				ASSETCATALOG_COMPILER_APPICON_NAME = AppIcon;
				DEVELOPMENT_TEAM = 99687A7687;
				INFOPLIST_FILE = LearnUIScrollView/Info.plist;
				LD_RUNPATH_SEARCH_PATHS = "$(inherited) @executable_path/Frameworks";
				PRODUCT_BUNDLE_IDENTIFIER = dunglt2015.LearnUIScrollView;
				PRODUCT_NAME = "$(TARGET_NAME)";
				SWIFT_VERSION = 3.0;
			};
			name = Debug;
		};
		84934BFF1DB385B700574077 /* Release */ = {
			isa = XCBuildConfiguration;
			buildSettings = {
				ASSETCATALOG_COMPILER_APPICON_NAME = AppIcon;
				DEVELOPMENT_TEAM = 99687A7687;
				INFOPLIST_FILE = LearnUIScrollView/Info.plist;
				LD_RUNPATH_SEARCH_PATHS = "$(inherited) @executable_path/Frameworks";
				PRODUCT_BUNDLE_IDENTIFIER = dunglt2015.LearnUIScrollView;
				PRODUCT_NAME = "$(TARGET_NAME)";
				SWIFT_VERSION = 3.0;
			};
			name = Release;
		};
/* End XCBuildConfiguration section */

/* Begin XCConfigurationList section */
		84934BE61DB385B700574077 /* Build configuration list for PBXProject "LearnUIScrollView" */ = {
			isa = XCConfigurationList;
			buildConfigurations = (
				84934BFB1DB385B700574077 /* Debug */,
				84934BFC1DB385B700574077 /* Release */,
			);
			defaultConfigurationIsVisible = 0;
			defaultConfigurationName = Release;
		};
		84934BFD1DB385B700574077 /* Build configuration list for PBXNativeTarget "LearnUIScrollView" */ = {
			isa = XCConfigurationList;
			buildConfigurations = (
				84934BFE1DB385B700574077 /* Debug */,
				84934BFF1DB385B700574077 /* Release */,
			);
			defaultConfigurationIsVisible = 0;
			defaultConfigurationName = Release;
		};
/* End XCConfigurationList section */
	};
	rootObject = 84934BE31DB385B700574077 /* Project object */;
}
