// !$*UTF8*$!
{
	archiveVersion = 1;
	classes = {
	};
	objectVersion = 46;
	objects = {

/* Begin PBXBuildFile section */
		84889BC51DB688A5005E0C90 /* AppDelegate.swift in Sources */ = {isa = PBXBuildFile; fileRef = 84889BC41DB688A5005E0C90 /* AppDelegate.swift */; };
		84889BC71DB688A5005E0C90 /* ViewController.swift in Sources */ = {isa = PBXBuildFile; fileRef = 84889BC61DB688A5005E0C90 /* ViewController.swift */; };
		84889BCA1DB688A5005E0C90 /* Main.storyboard in Resources */ = {isa = PBXBuildFile; fileRef = 84889BC81DB688A5005E0C90 /* Main.storyboard */; };
		84889BCC1DB688A5005E0C90 /* Assets.xcassets in Resources */ = {isa = PBXBuildFile; fileRef = 84889BCB1DB688A5005E0C90 /* Assets.xcassets */; };
		84889BCF1DB688A5005E0C90 /* LaunchScreen.storyboard in Resources */ = {isa = PBXBuildFile; fileRef = 84889BCD1DB688A5005E0C90 /* LaunchScreen.storyboard */; };
/* End PBXBuildFile section */

/* Begin PBXFileReference section */
		84889BC11DB688A5005E0C90 /* LearnUIStackView.app */ = {isa = PBXFileReference; explicitFileType = wrapper.application; includeInIndex = 0; path = LearnUIStackView.app; sourceTree = BUILT_PRODUCTS_DIR; };
		84889BC41DB688A5005E0C90 /* AppDelegate.swift */ = {isa = PBXFileReference; lastKnownFileType = sourcecode.swift; path = AppDelegate.swift; sourceTree = "<group>"; };
		84889BC61DB688A5005E0C90 /* ViewController.swift */ = {isa = PBXFileReference; lastKnownFileType = sourcecode.swift; path = ViewController.swift; sourceTree = "<group>"; };
		84889BC91DB688A5005E0C90 /* Base */ = {isa = PBXFileReference; lastKnownFileType = file.storyboard; name = Base; path = Base.lproj/Main.storyboard; sourceTree = "<group>"; };
		84889BCB1DB688A5005E0C90 /* Assets.xcassets */ = {isa = PBXFileReference; lastKnownFileType = folder.assetcatalog; path = Assets.xcassets; sourceTree = "<group>"; };
		84889BCE1DB688A5005E0C90 /* Base */ = {isa = PBXFileReference; lastKnownFileType = file.storyboard; name = Base; path = Base.lproj/LaunchScreen.storyboard; sourceTree = "<group>"; };
		84889BD01DB688A5005E0C90 /* Info.plist */ = {isa = PBXFileReference; lastKnownFileType = text.plist.xml; path = Info.plist; sourceTree = "<group>"; };
/* End PBXFileReference section */

/* Begin PBXFrameworksBuildPhase section */
		84889BBE1DB688A4005E0C90 /* Frameworks */ = {
			isa = PBXFrameworksBuildPhase;
			buildActionMask = 2147483647;
			files = (
			);
			runOnlyForDeploymentPostprocessing = 0;
		};
/* End PBXFrameworksBuildPhase section */

/* Begin PBXGroup section */
		84889BB81DB688A4005E0C90 = {
			isa = PBXGroup;
			children = (
				84889BC31DB688A5005E0C90 /* LearnUIStackView */,
				84889BC21DB688A5005E0C90 /* Products */,
			);
			sourceTree = "<group>";
		};
		84889BC21DB688A5005E0C90 /* Products */ = {
			isa = PBXGroup;
			children = (
				84889BC11DB688A5005E0C90 /* LearnUIStackView.app */,
			);
			name = Products;
			sourceTree = "<group>";
		};
		84889BC31DB688A5005E0C90 /* LearnUIStackView */ = {
			isa = PBXGroup;
			children = (
				84889BC41DB688A5005E0C90 /* AppDelegate.swift */,
				84889BC61DB688A5005E0C90 /* ViewController.swift */,
				84889BC81DB688A5005E0C90 /* Main.storyboard */,
				84889BCB1DB688A5005E0C90 /* Assets.xcassets */,
				84889BCD1DB688A5005E0C90 /* LaunchScreen.storyboard */,
				84889BD01DB688A5005E0C90 /* Info.plist */,
			);
			path = LearnUIStackView;
			sourceTree = "<group>";
		};
/* End PBXGroup section */

/* Begin PBXNativeTarget section */
		84889BC01DB688A4005E0C90 /* LearnUIStackView */ = {
			isa = PBXNativeTarget;
			buildConfigurationList = 84889BD31DB688A5005E0C90 /* Build configuration list for PBXNativeTarget "LearnUIStackView" */;
			buildPhases = (
				84889BBD1DB688A4005E0C90 /* Sources */,
				84889BBE1DB688A4005E0C90 /* Frameworks */,
				84889BBF1DB688A4005E0C90 /* Resources */,
			);
			buildRules = (
			);
			dependencies = (
			);
			name = LearnUIStackView;
			productName = LearnUIStackView;
			productReference = 84889BC11DB688A5005E0C90 /* LearnUIStackView.app */;
			productType = "com.apple.product-type.application";
		};
/* End PBXNativeTarget section */

/* Begin PBXProject section */
		84889BB91DB688A4005E0C90 /* Project object */ = {
			isa = PBXProject;
			attributes = {
				LastSwiftUpdateCheck = 0800;
				LastUpgradeCheck = 0800;
				ORGANIZATIONNAME = dunglt2015;
				TargetAttributes = {
					84889BC01DB688A4005E0C90 = {
						CreatedOnToolsVersion = 8.0;
						DevelopmentTeam = 99687A7687;
						ProvisioningStyle = Automatic;
					};
				};
			};
			buildConfigurationList = 84889BBC1DB688A4005E0C90 /* Build configuration list for PBXProject "LearnUIStackView" */;
			compatibilityVersion = "Xcode 3.2";
			developmentRegion = English;
			hasScannedForEncodings = 0;
			knownRegions = (
				en,
				Base,
			);
			mainGroup = 84889BB81DB688A4005E0C90;
			productRefGroup = 84889BC21DB688A5005E0C90 /* Products */;
			projectDirPath = "";
			projectRoot = "";
			targets = (
				84889BC01DB688A4005E0C90 /* LearnUIStackView */,
			);
		};
/* End PBXProject section */

/* Begin PBXResourcesBuildPhase section */
		84889BBF1DB688A4005E0C90 /* Resources */ = {
			isa = PBXResourcesBuildPhase;
			buildActionMask = 2147483647;
			files = (
				84889BCF1DB688A5005E0C90 /* LaunchScreen.storyboard in Resources */,
				84889BCC1DB688A5005E0C90 /* Assets.xcassets in Resources */,
				84889BCA1DB688A5005E0C90 /* Main.storyboard in Resources */,
			);
			runOnlyForDeploymentPostprocessing = 0;
		};
/* End PBXResourcesBuildPhase section */

/* Begin PBXSourcesBuildPhase section */
		84889BBD1DB688A4005E0C90 /* Sources */ = {
			isa = PBXSourcesBuildPhase;
			buildActionMask = 2147483647;
			files = (
				84889BC71DB688A5005E0C90 /* ViewController.swift in Sources */,
				84889BC51DB688A5005E0C90 /* AppDelegate.swift in Sources */,
			);
			runOnlyForDeploymentPostprocessing = 0;
		};
/* End PBXSourcesBuildPhase section */

/* Begin PBXVariantGroup section */
		84889BC81DB688A5005E0C90 /* Main.storyboard */ = {
			isa = PBXVariantGroup;
			children = (
				84889BC91DB688A5005E0C90 /* Base */,
			);
			name = Main.storyboard;
			sourceTree = "<group>";
		};
		84889BCD1DB688A5005E0C90 /* LaunchScreen.storyboard */ = {
			isa = PBXVariantGroup;
			children = (
				84889BCE1DB688A5005E0C90 /* Base */,
			);
			name = LaunchScreen.storyboard;
			sourceTree = "<group>";
		};
/* End PBXVariantGroup section */

/* Begin XCBuildConfiguration section */
		84889BD11DB688A5005E0C90 /* Debug */ = {
			isa = XCBuildConfiguration;
			buildSettings = {
				ALWAYS_SEARCH_USER_PATHS = NO;
				CLANG_ANALYZER_NONNULL = YES;
				CLANG_CXX_LANGUAGE_STANDARD = "gnu++0x";
				CLANG_CXX_LIBRARY = "libc++";
				CLANG_ENABLE_MODULES = YES;
				CLANG_ENABLE_OBJC_ARC = YES;
				CLANG_WARN_BOOL_CONVERSION = YES;
				CLANG_WARN_CONSTANT_CONVERSION = YES;
				CLANG_WARN_DIRECT_OBJC_ISA_USAGE = YES_ERROR;
				CLANG_WARN_DOCUMENTATION_COMMENTS = YES;
				CLANG_WARN_EMPTY_BODY = YES;
				CLANG_WARN_ENUM_CONVERSION = YES;
				CLANG_WARN_INFINITE_RECURSION = YES;
				CLANG_WARN_INT_CONVERSION = YES;
				CLANG_WARN_OBJC_ROOT_CLASS = YES_ERROR;
				CLANG_WARN_SUSPICIOUS_MOVES = YES;
				CLANG_WARN_UNREACHABLE_CODE = YES;
				CLANG_WARN__DUPLICATE_METHOD_MATCH = YES;
				"CODE_SIGN_IDENTITY[sdk=iphoneos*]" = "iPhone Developer";
				COPY_PHASE_STRIP = NO;
				DEBUG_INFORMATION_FORMAT = dwarf;
				ENABLE_STRICT_OBJC_MSGSEND = YES;
				ENABLE_TESTABILITY = YES;
				GCC_C_LANGUAGE_STANDARD = gnu99;
				GCC_DYNAMIC_NO_PIC = NO;
				GCC_NO_COMMON_BLOCKS = YES;
				GCC_OPTIMIZATION_LEVEL = 0;
				GCC_PREPROCESSOR_DEFINITIONS = (
					"DEBUG=1",
					"$(inherited)",
				);
				GCC_WARN_64_TO_32_BIT_CONVERSION = YES;
				GCC_WARN_ABOUT_RETURN_TYPE = YES_ERROR;
				GCC_WARN_UNDECLARED_SELECTOR = YES;
				GCC_WARN_UNINITIALIZED_AUTOS = YES_AGGRESSIVE;
				GCC_WARN_UNUSED_FUNCTION = YES;
				GCC_WARN_UNUSED_VARIABLE = YES;
				IPHONEOS_DEPLOYMENT_TARGET = 10.0;
				MTL_ENABLE_DEBUG_INFO = YES;
				ONLY_ACTIVE_ARCH = YES;
				SDKROOT = iphoneos;
				SWIFT_ACTIVE_COMPILATION_CONDITIONS = DEBUG;
				SWIFT_OPTIMIZATION_LEVEL = "-Onone";
				TARGETED_DEVICE_FAMILY = "1,2";
			};
			name = Debug;
		};
		84889BD21DB688A5005E0C90 /* Release */ = {
			isa = XCBuildConfiguration;
			buildSettings = {
				ALWAYS_SEARCH_USER_PATHS = NO;
				CLANG_ANALYZER_NONNULL = YES;
				CLANG_CXX_LANGUAGE_STANDARD = "gnu++0x";
				CLANG_CXX_LIBRARY = "libc++";
				CLANG_ENABLE_MODULES = YES;
				CLANG_ENABLE_OBJC_ARC = YES;
				CLANG_WARN_BOOL_CONVERSION = YES;
				CLANG_WARN_CONSTANT_CONVERSION = YES;
				CLANG_WARN_DIRECT_OBJC_ISA_USAGE = YES_ERROR;
				CLANG_WARN_DOCUMENTATION_COMMENTS = YES;
				CLANG_WARN_EMPTY_BODY = YES;
				CLANG_WARN_ENUM_CONVERSION = YES;
				CLANG_WARN_INFINITE_RECURSION = YES;
				CLANG_WARN_INT_CONVERSION = YES;
				CLANG_WARN_OBJC_ROOT_CLASS = YES_ERROR;
				CLANG_WARN_SUSPICIOUS_MOVES = YES;
				CLANG_WARN_UNREACHABLE_CODE = YES;
				CLANG_WARN__DUPLICATE_METHOD_MATCH = YES;
				"CODE_SIGN_IDENTITY[sdk=iphoneos*]" = "iPhone Developer";
				COPY_PHASE_STRIP = NO;
				DEBUG_INFORMATION_FORMAT = "dwarf-with-dsym";
				ENABLE_NS_ASSERTIONS = NO;
				ENABLE_STRICT_OBJC_MSGSEND = YES;
				GCC_C_LANGUAGE_STANDARD = gnu99;
				GCC_NO_COMMON_BLOCKS = YES;
				GCC_WARN_64_TO_32_BIT_CONVERSION = YES;
				GCC_WARN_ABOUT_RETURN_TYPE = YES_ERROR;
				GCC_WARN_UNDECLARED_SELECTOR = YES;
				GCC_WARN_UNINITIALIZED_AUTOS = YES_AGGRESSIVE;
				GCC_WARN_UNUSED_FUNCTION = YES;
				GCC_WARN_UNUSED_VARIABLE = YES;
				IPHONEOS_DEPLOYMENT_TARGET = 10.0;
				MTL_ENABLE_DEBUG_INFO = NO;
				SDKROOT = iphoneos;
				SWIFT_OPTIMIZATION_LEVEL = "-Owholemodule";
				TARGETED_DEVICE_FAMILY = "1,2";
				VALIDATE_PRODUCT = YES;
			};
			name = Release;
		};
		84889BD41DB688A5005E0C90 /* Debug */ = {
			isa = XCBuildConfiguration;
			buildSettings = {
				ASSETCATALOG_COMPILER_APPICON_NAME = AppIcon;
				DEVELOPMENT_TEAM = 99687A7687;
				INFOPLIST_FILE = LearnUIStackView/Info.plist;
				LD_RUNPATH_SEARCH_PATHS = "$(inherited) @executable_path/Frameworks";
				PRODUCT_BUNDLE_IDENTIFIER = dunglt2015.LearnUIStackView;
				PRODUCT_NAME = "$(TARGET_NAME)";
				SWIFT_VERSION = 3.0;
			};
			name = Debug;
		};
		84889BD51DB688A5005E0C90 /* Release */ = {
			isa = XCBuildConfiguration;
			buildSettings = {
				ASSETCATALOG_COMPILER_APPICON_NAME = AppIcon;
				DEVELOPMENT_TEAM = 99687A7687;
				INFOPLIST_FILE = LearnUIStackView/Info.plist;
				LD_RUNPATH_SEARCH_PATHS = "$(inherited) @executable_path/Frameworks";
				PRODUCT_BUNDLE_IDENTIFIER = dunglt2015.LearnUIStackView;
				PRODUCT_NAME = "$(TARGET_NAME)";
				SWIFT_VERSION = 3.0;
			};
			name = Release;
		};
/* End XCBuildConfiguration section */

/* Begin XCConfigurationList section */
		84889BBC1DB688A4005E0C90 /* Build configuration list for PBXProject "LearnUIStackView" */ = {
			isa = XCConfigurationList;
			buildConfigurations = (
				84889BD11DB688A5005E0C90 /* Debug */,
				84889BD21DB688A5005E0C90 /* Release */,
			);
			defaultConfigurationIsVisible = 0;
			defaultConfigurationName = Release;
		};
		84889BD31DB688A5005E0C90 /* Build configuration list for PBXNativeTarget "LearnUIStackView" */ = {
			isa = XCConfigurationList;
			buildConfigurations = (
				84889BD41DB688A5005E0C90 /* Debug */,
				84889BD51DB688A5005E0C90 /* Release */,
			);
			defaultConfigurationIsVisible = 0;
		};
/* End XCConfigurationList section */
	};
	rootObject = 84889BB91DB688A4005E0C90 /* Project object */;
}
